
Microsoft Visual Studio Solution File, Format Version 12.00
# Visual Studio Version 16
VisualStudioVersion = 16.0.32630.194
MinimumVisualStudioVersion = 10.0.40219.1
Project("{FAE04EC0-301F-11D3-BF4B-00C04F79EFBC}") = "ListYapisi_Test_Uygulama", "ListYapisi_Test_Uygulama\ListYapisi_Test_Uygulama.csproj", "{F717006D-4E5A-4DCA-8D36-DFA1A662B5CC}"
EndProject
Global
	GlobalSection(SolutionConfigurationPlatforms) = preSolution
		Debug|Any CPU = Debug|Any CPU
		Release|Any CPU = Release|Any CPU
	EndGlobalSection
	GlobalSection(ProjectConfigurationPlatforms) = postSolution
		{F717006D-4E5A-4DCA-8D36-DFA1A662B5CC}.Debug|Any CPU.ActiveCfg = Debug|Any CPU
		{F717006D-4E5A-4DCA-8D36-DFA1A662B5CC}.Debug|Any CPU.Build.0 = Debug|Any CPU
		{F717006D-4E5A-4DCA-8D36-DFA1A662B5CC}.Release|Any CPU.ActiveCfg = Release|Any CPU
		{F717006D-4E5A-4DCA-8D36-DFA1A662B5CC}.Release|Any CPU.Build.0 = Release|Any CPU
	EndGlobalSection
	GlobalSection(SolutionProperties) = preSolution
		HideSolutionNode = FALSE
	EndGlobalSection
	GlobalSection(ExtensibilityGlobals) = postSolution
		SolutionGuid = {B4FBE17A-3375-4241-9160-1B5C60255A38}
	EndGlobalSection
EndGlobal
